
Microsoft Visual Studio Solution File, Format Version 12.00
# Visual Studio Version 17
VisualStudioVersion = 17.3.32922.545
MinimumVisualStudioVersion = 10.0.40219.1
Project("{9A19103F-16F7-4668-BE54-9A1E7A4F7556}") = "AirlinesPc", "AirlinesPc\AirlinesPc.csproj", "{942B6A89-073F-4FDE-BC86-3C1CA3C6DD84}"
EndProject
Project("{9A19103F-16F7-4668-BE54-9A1E7A4F7556}") = "AirlinesApi", "AirlinesApi\AirlinesApi.csproj", "{BC71EEA0-A579-443E-8D6C-20E16BC5E7D9}"
EndProject
Project("{9A19103F-16F7-4668-BE54-9A1E7A4F7556}") = "Database", "Database\Database.csproj", "{E78BE82B-68E2-430D-BCD3-2AC6D1792625}"
EndProject
Project("{9A19103F-16F7-4668-BE54-9A1E7A4F7556}") = "DatabaseTests", "DatabaseTests\DatabaseTests.csproj", "{E3306092-7C89-4B5F-93FE-AD2AC6C207FD}"
EndProject
Project("{9A19103F-16F7-4668-BE54-9A1E7A4F7556}") = "AirlinesApiTests", "AirlinesApiTests\AirlinesApiTests.csproj", "{0BD84A8C-1B77-4479-AD43-8A575FBC3D47}"
EndProject
Project("{FAE04EC0-301F-11D3-BF4B-00C04F79EFBC}") = "webTest", "webTest\webTest.csproj", "{5881A72B-8117-4210-8C96-12E95211C9C7}"
EndProject
Global
	GlobalSection(SolutionConfigurationPlatforms) = preSolution
		Debug|Any CPU = Debug|Any CPU
		Release|Any CPU = Release|Any CPU
	EndGlobalSection
	GlobalSection(ProjectConfigurationPlatforms) = postSolution
		{942B6A89-073F-4FDE-BC86-3C1CA3C6DD84}.Debug|Any CPU.ActiveCfg = Debug|Any CPU
		{942B6A89-073F-4FDE-BC86-3C1CA3C6DD84}.Debug|Any CPU.Build.0 = Debug|Any CPU
		{942B6A89-073F-4FDE-BC86-3C1CA3C6DD84}.Release|Any CPU.ActiveCfg = Release|Any CPU
		{942B6A89-073F-4FDE-BC86-3C1CA3C6DD84}.Release|Any CPU.Build.0 = Release|Any CPU
		{BC71EEA0-A579-443E-8D6C-20E16BC5E7D9}.Debug|Any CPU.ActiveCfg = Debug|Any CPU
		{BC71EEA0-A579-443E-8D6C-20E16BC5E7D9}.Debug|Any CPU.Build.0 = Debug|Any CPU
		{BC71EEA0-A579-443E-8D6C-20E16BC5E7D9}.Release|Any CPU.ActiveCfg = Release|Any CPU
		{BC71EEA0-A579-443E-8D6C-20E16BC5E7D9}.Release|Any CPU.Build.0 = Release|Any CPU
		{E78BE82B-68E2-430D-BCD3-2AC6D1792625}.Debug|Any CPU.ActiveCfg = Debug|Any CPU
		{E78BE82B-68E2-430D-BCD3-2AC6D1792625}.Debug|Any CPU.Build.0 = Debug|Any CPU
		{E78BE82B-68E2-430D-BCD3-2AC6D1792625}.Release|Any CPU.ActiveCfg = Release|Any CPU
		{E78BE82B-68E2-430D-BCD3-2AC6D1792625}.Release|Any CPU.Build.0 = Release|Any CPU
		{E3306092-7C89-4B5F-93FE-AD2AC6C207FD}.Debug|Any CPU.ActiveCfg = Debug|Any CPU
		{E3306092-7C89-4B5F-93FE-AD2AC6C207FD}.Debug|Any CPU.Build.0 = Debug|Any CPU
		{E3306092-7C89-4B5F-93FE-AD2AC6C207FD}.Release|Any CPU.ActiveCfg = Release|Any CPU
		{E3306092-7C89-4B5F-93FE-AD2AC6C207FD}.Release|Any CPU.Build.0 = Release|Any CPU
		{0BD84A8C-1B77-4479-AD43-8A575FBC3D47}.Debug|Any CPU.ActiveCfg = Debug|Any CPU
		{0BD84A8C-1B77-4479-AD43-8A575FBC3D47}.Debug|Any CPU.Build.0 = Debug|Any CPU
		{0BD84A8C-1B77-4479-AD43-8A575FBC3D47}.Release|Any CPU.ActiveCfg = Release|Any CPU
		{0BD84A8C-1B77-4479-AD43-8A575FBC3D47}.Release|Any CPU.Build.0 = Release|Any CPU
		{5881A72B-8117-4210-8C96-12E95211C9C7}.Debug|Any CPU.ActiveCfg = Debug|Any CPU
		{5881A72B-8117-4210-8C96-12E95211C9C7}.Debug|Any CPU.Build.0 = Debug|Any CPU
		{5881A72B-8117-4210-8C96-12E95211C9C7}.Release|Any CPU.ActiveCfg = Release|Any CPU
		{5881A72B-8117-4210-8C96-12E95211C9C7}.Release|Any CPU.Build.0 = Release|Any CPU
	EndGlobalSection
	GlobalSection(SolutionProperties) = preSolution
		HideSolutionNode = FALSE
	EndGlobalSection
	GlobalSection(ExtensibilityGlobals) = postSolution
		SolutionGuid = {502227D3-A4B5-446B-9341-68EAB73593A1}
	EndGlobalSection
EndGlobal
